
Microsoft Visual Studio Solution File, Format Version 12.00
# Visual Studio Version 17
VisualStudioVersion = 17.0.31919.166
MinimumVisualStudioVersion = 10.0.40219.1
Project("{FAE04EC0-301F-11D3-BF4B-00C04F79EFBC}") = "Demo_RazorEngine_4Emails", "Demo_RazorEngine_4Emails\Demo_RazorEngine_4Emails.csproj", "{510ADFFB-23D9-4D46-B71E-08ABA0A0258D}"
EndProject
Global
	GlobalSection(SolutionConfigurationPlatforms) = preSolution
		Debug|Any CPU = Debug|Any CPU
		Release|Any CPU = Release|Any CPU
	EndGlobalSection
	GlobalSection(ProjectConfigurationPlatforms) = postSolution
		{510ADFFB-23D9-4D46-B71E-08ABA0A0258D}.Debug|Any CPU.ActiveCfg = Debug|Any CPU
		{510ADFFB-23D9-4D46-B71E-08ABA0A0258D}.Debug|Any CPU.Build.0 = Debug|Any CPU
		{510ADFFB-23D9-4D46-B71E-08ABA0A0258D}.Release|Any CPU.ActiveCfg = Release|Any CPU
		{510ADFFB-23D9-4D46-B71E-08ABA0A0258D}.Release|Any CPU.Build.0 = Release|Any CPU
	EndGlobalSection
	GlobalSection(SolutionProperties) = preSolution
		HideSolutionNode = FALSE
	EndGlobalSection
	GlobalSection(ExtensibilityGlobals) = postSolution
		SolutionGuid = {73BC1808-DAF6-4FDC-864B-B1ED671CEE81}
	EndGlobalSection
EndGlobal
